github.com/lukeorth/battleship-solver v0.0.0-20230515213027-57aaa8f164eb h1:C8xzVB7Xunfmh3FkI9ugwSIKyoWbYfwRpojCa6xdq3A=
github.com/lukeorth/battleship-solver v0.0.0-20230515213027-57aaa8f164eb/go.mod h1:GTg/A33dIleoh+6ulI9/JcQ/9Vd+SYX07wHaBT/k1OM=
github.com/lukeorth/battleship-solver v0.0.0-20230516090237-456eb5ae5f63 h1:PrDxxlcZzZRBpDKbXmDj6Sv/9D7w/Dn93dtE4Pi2K+w=
github.com/lukeorth/battleship-solver v0.0.0-20230516090237-456eb5ae5f63/go.mod h1:GTg/A33dIleoh+6ulI9/JcQ/9Vd+SYX07wHaBT/k1OM=
github.com/lukeorth/battleship-solver v0.0.0-20230516091509-5e12db4f6d91 h1:tXPNSHWMthVwyqIXJU7kwEdl6EoCJSLQMiSFXsoB1wM=
github.com/lukeorth/battleship-solver v0.0.0-20230516091509-5e12db4f6d91/go.mod h1:GTg/A33dIleoh+6ulI9/JcQ/9Vd+SYX07wHaBT/k1OM=
github.com/lukeorth/battleship-solver v0.0.0-20230516091847-0aea796d1224 h1:eGfeSk4BdmIGUdmRUC3KtNYFsEDHOxZTKfxK+ccbAZY=
github.com/lukeorth/battleship-solver v0.0.0-20230516091847-0aea796d1224/go.mod h1:GTg/A33dIleoh+6ulI9/JcQ/9Vd+SYX07wHaBT/k1OM=
github.com/lukeorth/battleship-solver v0.0.0-20230516093900-16fe5eb39863 h1:vJWkZgq2wduJOFDCBV1eM0VM+n5FPpTQcR6fH3XhwlM=
github.com/lukeorth/battleship-solver v0.0.0-20230516093900-16fe5eb39863/go.mod h1:GTg/A33dIleoh+6ulI9/JcQ/9Vd+SYX07wHaBT/k1OM=
github.com/lukeorth/battleship-solver v0.0.0-20230516103933-79635cabbc17 h1:DDXrTIhsTW8U9YV9QCO1h13JAlL+X06JUUMJ3+d905w=
github.com/lukeorth/battleship-solver v0.0.0-20230516103933-79635cabbc17/go.mod h1:GTg/A33dIleoh+6ulI9/JcQ/9Vd+SYX07wHaBT/k1OM=
github.com/lukeorth/battleship-solver v0.0.0-20230516203921-7f94bd2300b3 h1:w6LkJnblyUddLVM3CpYEU4XsQsW8qx/inl6K6+5OOYo=
github.com/lukeorth/battleship-solver v0.0.0-20230516203921-7f94bd2300b3/go.mod h1:GTg/A33dIleoh+6ulI9/JcQ/9Vd+SYX07wHaBT/k1OM=
github.com/lukeorth/battleship-solver v0.0.0-20230516204323-18d58d9660e4 h1:OkjINB467G070n/gjP575KV7EuP6xe7RP9h3BvtXr4Q=
github.com/lukeorth/battleship-solver v0.0.0-20230516204323-18d58d9660e4/go.mod h1:GTg/A33dIleoh+6ulI9/JcQ/9Vd+SYX07wHaBT/k1OM=
github.com/lukeorth/battleship-solver v0.0.0-20230516204504-8ff06dc59ec4 h1:uU+BoA8Y4txRMT0OnShBCWK0OZAnBe+T2CCcrvGEpxQ=
github.com/lukeorth/battleship-solver v0.0.0-20230516204504-8ff06dc59ec4/go.mod h1:GTg/A33dIleoh+6ulI9/JcQ/9Vd+SYX07wHaBT/k1OM=
github.com/lukeorth/battleship-solver v0.0.0-20230516204702-6d5a0f99d2a4 h1:buEATqHUAWav6c2njGoz3bYDgYgXPf4pHiMVP3eoP7Y=
github.com/lukeorth/battleship-solver v0.0.0-20230516204702-6d5a0f99d2a4/go.mod h1:GTg/A33dIleoh+6ulI9/JcQ/9Vd+SYX07wHaBT/k1OM=
github.com/lukeorth/battleship-solver v0.0.0-20230516205034-a5e548e83083 h1:9K0QcWMTxxOP9QjzBUYQuxyf8/0xS2cxPg/apKbnp/w=
github.com/lukeorth/battleship-solver v0.0.0-20230516205034-a5e548e83083/go.mod h1:GTg/A33dIleoh+6ulI9/JcQ/9Vd+SYX07wHaBT/k1OM=
github.com/lukeorth/battleship-solver v0.0.0-20230516205408-a94216f82a06 h1:aDlNf8SlteERDlKLOR0WjpTRvYyRpwm81prFikCIYGE=
github.com/lukeorth/battleship-solver v0.0.0-20230516205408-a94216f82a06/go.mod h1:GTg/A33dIleoh+6ulI9/JcQ/9Vd+SYX07wHaBT/k1OM=
github.com/lukeorth/battleship-solver v0.0.0-20230516205602-577508f7aca2 h1:t7EuG6evr9FX9ZJkYCmzIDwlhkAt7f89p1qiVrmYcgw=
github.com/lukeorth/battleship-solver v0.0.0-20230516205602-577508f7aca2/go.mod h1:GTg/A33dIleoh+6ulI9/JcQ/9Vd+SYX07wHaBT/k1OM=
github.com/lukeorth/battleship-solver v0.0.0-20230516205819-c36a19f20a9c h1:yxZ9iaaDsO/i1Rt4k6tOMpmhqhXMwYQb9Nh9ZBnWd5E=
github.com/lukeorth/battleship-solver v0.0.0-20230516205819-c36a19f20a9c/go.mod h1:GTg/A33dIleoh+6ulI9/JcQ/9Vd+SYX07wHaBT/k1OM=
github.com/lukeorth/battleship-solver v0.0.0-20230517085109-45d5bf64b5f1 h1:wGuBcl+n2owsrDmCODpA+APVXcWjLyhPuoR5gzZ1IuI=
github.com/lukeorth/battleship-solver v0.0.0-20230517085109-45d5bf64b5f1/go.mod h1:GTg/A33dIleoh+6ulI9/JcQ/9Vd+SYX07wHaBT/k1OM=
github.com/lukeorth/battleship-solver v0.0.0-20230517085635-67a26cf86236 h1:dFw0Mqic0r75BJHo0beP8IlVsgM8oG0gGChqvLhjy2w=
github.com/lukeorth/battleship-solver v0.0.0-20230517085635-67a26cf86236/go.mod h1:GTg/A33dIleoh+6ulI9/JcQ/9Vd+SYX07wHaBT/k1OM=
github.com/lukeorth/battleship-solver v0.0.0-20230517090129-74e825f155bb h1:rKGTh6NDSeeRMJmAbdgaj33R0Cqk0IwtGgYPeNIWL4A=
github.com/lukeorth/battleship-solver v0.0.0-20230517090129-74e825f155bb/go.mod h1:GTg/A33dIleoh+6ulI9/JcQ/9Vd+SYX07wHaBT/k1OM=
github.com/lukeorth/battleship-solver v0.0.0-20230517090547-6f74fbda425a h1:L47EYj5OLdk9ACThotPfzcEIlD8M/3rNsW/FNN1FAkY=
github.com/lukeorth/battleship-solver v0.0.0-20230517090547-6f74fbda425a/go.mod h1:GTg/A33dIleoh+6ulI9/JcQ/9Vd+SYX07wHaBT/k1OM=
github.com/lukeorth/battleship-solver v0.0.0-20230517090651-441aa234b3e9 h1:y3ZVFiKAgsNm5HP+iapVWBbJP3ZrSQVlNuHyJtOyspc=
github.com/lukeorth/battleship-solver v0.0.0-20230517090651-441aa234b3e9/go.mod h1:GTg/A33dIleoh+6ulI9/JcQ/9Vd+SYX07wHaBT/k1OM=
github.com/lukeorth/battleship-solver v0.0.0-20230517091230-0dba22e12a31 h1:D1p75SX0RDtB2zjSyfUXfesZDeOnsxQJjZ662xhbv9U=
github.com/lukeorth/battleship-solver v0.0.0-20230517091230-0dba22e12a31/go.mod h1:GTg/A33dIleoh+6ulI9/JcQ/9Vd+SYX07wHaBT/k1OM=
github.com/lukeorth/battleship-solver v0.0.0-20230517091547-0f9f4852bbee h1:pygUrqXUir+6UDmc2GwsGORICkzK/lC3o2b09LL7C+k=
github.com/lukeorth/battleship-solver v0.0.0-20230517091547-0f9f4852bbee/go.mod h1:GTg/A33dIleoh+6ulI9/JcQ/9Vd+SYX07wHaBT/k1OM=
github.com/lukeorth/battleship-solver v0.0.0-20230517092322-5ca09626b297 h1:kWZ/lr3Dub0J7bV2PNDRIexXU0ZdV6sfuNKQzb2wEU0=
github.com/lukeorth/battleship-solver v0.0.0-20230517092322-5ca09626b297/go.mod h1:GTg/A33dIleoh+6ulI9/JcQ/9Vd+SYX07wHaBT/k1OM=
github.com/lukeorth/battleship-solver v0.0.0-20230517093418-bf6d1120183b h1:kllBsGCKfEqotUtcDo8nB1DuK5mUJhy2OftoBZFh+lM=
github.com/lukeorth/battleship-solver v0.0.0-20230517093418-bf6d1120183b/go.mod h1:GTg/A33dIleoh+6ulI9/JcQ/9Vd+SYX07wHaBT/k1OM=
github.com/lukeorth/battleship-solver v0.0.0-20230517093604-2e8c59b2c5e2 h1:O+27tTmKw4ORNFRwZXqIMv9lJpdWPtUnWhNon+0eLcM=
github.com/lukeorth/battleship-solver v0.0.0-20230517093604-2e8c59b2c5e2/go.mod h1:GTg/A33dIleoh+6ulI9/JcQ/9Vd+SYX07wHaBT/k1OM=
github.com/lukeorth/battleship-solver v0.0.0-20230517100432-63a92a3bb1b1 h1:h1DK5RcVomeSM07jB+dlcFolcvQmpvTmBbpRcu45wW8=
github.com/lukeorth/battleship-solver v0.0.0-20230517100432-63a92a3bb1b1/go.mod h1:GTg/A33dIleoh+6ulI9/JcQ/9Vd+SYX07wHaBT/k1OM=
github.com/lukeorth/battleship-solver v0.0.0-20230517100830-50d4c463def3 h1:UDr4SyNBW9e4jQvEZqiFzWHFJu1vbkdsJBt7PDB3zMY=
github.com/lukeorth/battleship-solver v0.0.0-20230517100830-50d4c463def3/go.mod h1:GTg/A33dIleoh+6ulI9/JcQ/9Vd+SYX07wHaBT/k1OM=
github.com/lukeorth/battleship-solver v0.0.0-20230517101014-6217ce86597f h1:ZnFEfajnv4KfC0WMU7yb9Xhi0kSFoo52ij1IjnjPNOY=
github.com/lukeorth/battleship-solver v0.0.0-20230517101014-6217ce86597f/go.mod h1:GTg/A33dIleoh+6ulI9/JcQ/9Vd+SYX07wHaBT/k1OM=
github.com/lukeorth/battleship-solver v0.0.0-20230517101102-350be0ba02bd h1:+drM4GqKn/8/nqunsjG9KuMl58xhRTCSU/ZUNqnp/e4=
github.com/lukeorth/battleship-solver v0.0.0-20230517101102-350be0ba02bd/go.mod h1:GTg/A33dIleoh+6ulI9/JcQ/9Vd+SYX07wHaBT/k1OM=
github.com/lukeorth/battleship-solver v0.0.0-20230517190535-3e730dd25c27 h1:mAchX36glHd74nkDMiUNVN1ue/EG7tayZOCh95tUP58=
github.com/lukeorth/battleship-solver v0.0.0-20230517190535-3e730dd25c27/go.mod h1:GTg/A33dIleoh+6ulI9/JcQ/9Vd+SYX07wHaBT/k1OM=
github.com/lukeorth/battleship-solver v0.0.0-20230517194440-4061c6857024 h1:naMnPMqt0jlLvG6w4YxobeGOfwr7IDjWhUlRTivbdXI=
github.com/lukeorth/battleship-solver v0.0.0-20230517194440-4061c6857024/go.mod h1:GTg/A33dIleoh+6ulI9/JcQ/9Vd+SYX07wHaBT/k1OM=
github.com/lukeorth/battleship-solver v0.0.0-20230517195714-f654bb0dc599 h1:UpQjLjtUfAepeiE8JcffEAfar7UR9Dfx9iEaC5oLsmk=
github.com/lukeorth/battleship-solver v0.0.0-20230517195714-f654bb0dc599/go.mod h1:GTg/A33dIleoh+6ulI9/JcQ/9Vd+SYX07wHaBT/k1OM=
github.com/lukeorth/battleship-solver v0.0.0-20230517201333-b1ee9084b878 h1:i1EXJUa00phB6qCwwjnixW+60tiCJE4pmNuCj05Uy8Q=
github.com/lukeorth/battleship-solver v0.0.0-20230517201333-b1ee9084b878/go.mod h1:GTg/A33dIleoh+6ulI9/JcQ/9Vd+SYX07wHaBT/k1OM=
github.com/lukeorth/battleship-solver v0.0.0-20230517202345-24638c6d5ca7 h1:Un00c7THGzrh6I1GeYSdjVPoS4rp//mY0LWhpaHKxpY=
github.com/lukeorth/battleship-solver v0.0.0-20230517202345-24638c6d5ca7/go.mod h1:GTg/A33dIleoh+6ulI9/JcQ/9Vd+SYX07wHaBT/k1OM=
github.com/lukeorth/battleship-solver v0.0.0-20230517202531-6f510b6ee44e h1:ZNFldrSCIzkWKT4WzT2n2sTc3cs9wvxCWIQGXNUFmI4=
github.com/lukeorth/battleship-solver v0.0.0-20230517202531-6f510b6ee44e/go.mod h1:GTg/A33dIleoh+6ulI9/JcQ/9Vd+SYX07wHaBT/k1OM=
github.com/lukeorth/battleship-solver v0.0.0-20230517202944-d1c39e2bd22c h1:syoVRscA7HjyDHnJepJB5bVvvUKeMQTzkAnssJ96h8A=
github.com/lukeorth/battleship-solver v0.0.0-20230517202944-d1c39e2bd22c/go.mod h1:GTg/A33dIleoh+6ulI9/JcQ/9Vd+SYX07wHaBT/k1OM=
github.com/lukeorth/battleship-solver v0.0.0-20230517203424-5ca12a17fe5b h1:ZYJbwHL+4s1Vi7jNstDflKPOA0ypVNOX8fzzIrl+KZg=
github.com/lukeorth/battleship-solver v0.0.0-20230517203424-5ca12a17fe5b/go.mod h1:GTg/A33dIleoh+6ulI9/JcQ/9Vd+SYX07wHaBT/k1OM=
github.com/lukeorth/battleship-solver v0.0.0-20230518153412-bd3881aa1b8b h1:LKS7/rfI2bdixzvTdVIS7wiPT26TL4/HNCv0uI4GQyE=
github.com/lukeorth/battleship-solver v0.0.0-20230518153412-bd3881aa1b8b/go.mod h1:GTg/A33dIleoh+6ulI9/JcQ/9Vd+SYX07wHaBT/k1OM=
github.com/lukeorth/battleship-solver v0.0.0-20230518154109-30f9ca0b34c4 h1:7DcDyorEASYztxPerBub24uA7RKO1nEjRhpNdgLaLWc=
github.com/lukeorth/battleship-solver v0.0.0-20230518154109-30f9ca0b34c4/go.mod h1:GTg/A33dIleoh+6ulI9/JcQ/9Vd+SYX07wHaBT/k1OM=
github.com/lukeorth/battleship-solver v0.0.0-20230518154341-b0e3f5eeb6af h1:RfhpE3ZGlgHSsB4CisU2gtf81xKaA2Q+Xb6reNEvjN0=
github.com/lukeorth/battleship-solver v0.0.0-20230518154341-b0e3f5eeb6af/go.mod h1:GTg/A33dIleoh+6ulI9/JcQ/9Vd+SYX07wHaBT/k1OM=
github.com/lukeorth/battleship-solver v0.0.0-20230518154530-1daedbfbcf4a h1:v+HGsHWk4lP1zi1C7N0waJ8g3QhbQTp5o2elx1LRJKE=
github.com/lukeorth/battleship-solver v0.0.0-20230518154530-1daedbfbcf4a/go.mod h1:GTg/A33dIleoh+6ulI9/JcQ/9Vd+SYX07wHaBT/k1OM=
github.com/lukeorth/battleship-solver v0.0.0-20230518154821-5acc7327d3de h1:JCunUm+DlfUzYY9S3MF75I3VchTFE5946xgqXIeZrAA=
github.com/lukeorth/battleship-solver v0.0.0-20230518154821-5acc7327d3de/go.mod h1:GTg/A33dIleoh+6ulI9/JcQ/9Vd+SYX07wHaBT/k1OM=
github.com/lukeorth/battleship-solver v0.0.0-20230518155013-e32216de94ef h1:jIJVq+rNsPgUbN7fwC6R8iNcejz7ENJ1W4S5zikPhKA=
github.com/lukeorth/battleship-solver v0.0.0-20230518155013-e32216de94ef/go.mod h1:GTg/A33dIleoh+6ulI9/JcQ/9Vd+SYX07wHaBT/k1OM=
github.com/lukeorth/battleship-solver v0.0.0-20230518155559-d68df1c45c6e h1:BlVYEBvEqcLCrQKJuRrk0NP3TY2LEfNGhN2pMgDnkgs=
github.com/lukeorth/battleship-solver v0.0.0-20230518155559-d68df1c45c6e/go.mod h1:GTg/A33dIleoh+6ulI9/JcQ/9Vd+SYX07wHaBT/k1OM=
